PODS:
  - lit-networking (0.1.0)

DEPENDENCIES:
  - lit-networking (from `https://github.com/mendyEdri/lit-networking`)

EXTERNAL SOURCES:
  lit-networking:
    :git: https://github.com/mendyEdri/lit-networking

CHECKOUT OPTIONS:
  lit-networking:
    :commit: 79f6fa7e85165f1f06bfc78713e708dcfd834fdc
    :git: https://github.com/mendyEdri/lit-networking

SPEC CHECKSUMS:
  lit-networking: aa5876e6d03bc2b48c0fe91a067366b40815de48

PODFILE CHECKSUM: 683972ab1fc2cd49b8c5d9e98656351d60fcefe2

COCOAPODS: 1.8.4
